# This file is automatically @generated by Cargo.
# It is not intended for manual editing.
version = 3

[[package]]
name = "aesthetic"
version = "0.1.0"

[[package]]
name = "bitmex"
version = "0.1.0"

[[package]]
name = "kraken"
version = "0.1.0"
dependencies = [
 "trading_api",
]

[[package]]
name = "renderer"
version = "0.1.0"

[[package]]
name = "screen"
version = "0.1.0"

[[package]]
name = "trading_api"
version = "0.1.0"
